
Microsoft Visual Studio Solution File, Format Version 12.00
# Visual Studio 15
VisualStudioVersion = 15.0.28307.779
MinimumVisualStudioVersion = 10.0.40219.1
Project("{FAE04EC0-301F-11D3-BF4B-00C04F79EFBC}") = "MvcMovie", "MvcMovie\MvcMovie.csproj", "{68EA2508-D027-4F24-94EC-86F2270667F7}"
EndProject
Global
	GlobalSection(SolutionConfigurationPlatforms) = preSolution
		Debug|Any CPU = Debug|Any CPU
		Release|Any CPU = Release|Any CPU
	EndGlobalSection
	GlobalSection(ProjectConfigurationPlatforms) = postSolution
		{68EA2508-D027-4F24-94EC-86F2270667F7}.Debug|Any CPU.ActiveCfg = Debug|Any CPU
		{68EA2508-D027-4F24-94EC-86F2270667F7}.Debug|Any CPU.Build.0 = Debug|Any CPU
		{68EA2508-D027-4F24-94EC-86F2270667F7}.Release|Any CPU.ActiveCfg = Release|Any CPU
		{68EA2508-D027-4F24-94EC-86F2270667F7}.Release|Any CPU.Build.0 = Release|Any CPU
	EndGlobalSection
	GlobalSection(SolutionProperties) = preSolution
		HideSolutionNode = FALSE
	EndGlobalSection
	GlobalSection(ExtensibilityGlobals) = postSolution
		SolutionGuid = {5E678A01-58F1-4B54-A37E-11F4E8DEE0C7}
	EndGlobalSection
EndGlobal
